
Microsoft Visual Studio Solution File, Format Version 12.00
# Visual Studio Version 16
VisualStudioVersion = 16.0.30011.22
MinimumVisualStudioVersion = 10.0.40219.1
Project("{9A19103F-16F7-4668-BE54-9A1E7A4F7556}") = "NameApi", "NameApi.csproj", "{8C2A43A0-6BCA-4561-9192-E508D89556B2}"
EndProject
Project("{FAE04EC0-301F-11D3-BF4B-00C04F79EFBC}") = "NameApi.Test", "..\NameApi.Test\NameApi.Test.csproj", "{DFA8984F-6B11-4E50-9246-5F34693C7276}"
EndProject
Global
	GlobalSection(SolutionConfigurationPlatforms) = preSolution
		Debug|Any CPU = Debug|Any CPU
		Release|Any CPU = Release|Any CPU
	EndGlobalSection
	GlobalSection(ProjectConfigurationPlatforms) = postSolution
		{8C2A43A0-6BCA-4561-9192-E508D89556B2}.Debug|Any CPU.ActiveCfg = Debug|Any CPU
		{8C2A43A0-6BCA-4561-9192-E508D89556B2}.Debug|Any CPU.Build.0 = Debug|Any CPU
		{8C2A43A0-6BCA-4561-9192-E508D89556B2}.Release|Any CPU.ActiveCfg = Release|Any CPU
		{8C2A43A0-6BCA-4561-9192-E508D89556B2}.Release|Any CPU.Build.0 = Release|Any CPU
		{DFA8984F-6B11-4E50-9246-5F34693C7276}.Debug|Any CPU.ActiveCfg = Debug|Any CPU
		{DFA8984F-6B11-4E50-9246-5F34693C7276}.Debug|Any CPU.Build.0 = Debug|Any CPU
		{DFA8984F-6B11-4E50-9246-5F34693C7276}.Release|Any CPU.ActiveCfg = Release|Any CPU
		{DFA8984F-6B11-4E50-9246-5F34693C7276}.Release|Any CPU.Build.0 = Release|Any CPU
	EndGlobalSection
	GlobalSection(SolutionProperties) = preSolution
		HideSolutionNode = FALSE
	EndGlobalSection
	GlobalSection(ExtensibilityGlobals) = postSolution
		SolutionGuid = {A056EAC3-B572-4B38-9C3F-3E622B4D548B}
	EndGlobalSection
EndGlobal
